
Microsoft Visual Studio Solution File, Format Version 12.00
Project("{FAE04EC0-301F-11D3-BF4B-00C04F79EFBC}") = "SquirrelNext.Wpf", "SquirrelNext.Wpf\SquirrelNext.Wpf.csproj", "{EFC52F23-C514-4130-B88F-3E7970721A8D}"
EndProject
Global
	GlobalSection(SolutionConfigurationPlatforms) = preSolution
		Debug|Any CPU = Debug|Any CPU
		Release|Any CPU = Release|Any CPU
	EndGlobalSection
	GlobalSection(ProjectConfigurationPlatforms) = postSolution
		{EFC52F23-C514-4130-B88F-3E7970721A8D}.Debug|Any CPU.ActiveCfg = Debug|Any CPU
		{EFC52F23-C514-4130-B88F-3E7970721A8D}.Debug|Any CPU.Build.0 = Debug|Any CPU
		{EFC52F23-C514-4130-B88F-3E7970721A8D}.Release|Any CPU.ActiveCfg = Release|Any CPU
		{EFC52F23-C514-4130-B88F-3E7970721A8D}.Release|Any CPU.Build.0 = Release|Any CPU
	EndGlobalSection
EndGlobal
